// !$*UTF8*$!
{
	archiveVersion = 1;
	classes = {
	};
	objectVersion = 50;
	objects = {

/* Begin PBXBuildFile section */
		AAD6D23725B74BFB00260735 /* AppDelegate.swift in Sources */ = {isa = PBXBuildFile; fileRef = AAD6D23625B74BFB00260735 /* AppDelegate.swift */; };
		AAD6D23925B74BFB00260735 /* SceneDelegate.swift in Sources */ = {isa = PBXBuildFile; fileRef = AAD6D23825B74BFB00260735 /* SceneDelegate.swift */; };
		AAD6D23B25B74BFB00260735 /* ViewController.swift in Sources */ = {isa = PBXBuildFile; fileRef = AAD6D23A25B74BFB00260735 /* ViewController.swift */; };
		AAD6D23E25B74BFB00260735 /* Main.storyboard in Resources */ = {isa = PBXBuildFile; fileRef = AAD6D23C25B74BFB00260735 /* Main.storyboard */; };
		AAD6D24025B74BFD00260735 /* Assets.xcassets in Resources */ = {isa = PBXBuildFile; fileRef = AAD6D23F25B74BFD00260735 /* Assets.xcassets */; };
		AAD6D24325B74BFD00260735 /* LaunchScreen.storyboard in Resources */ = {isa = PBXBuildFile; fileRef = AAD6D24125B74BFD00260735 /* LaunchScreen.storyboard */; };
/* End PBXBuildFile section */

/* Begin PBXFileReference section */
		AAD6D23325B74BFB00260735 /* iOSBlueParrotBluetooth.app */ = {isa = PBXFileReference; explicitFileType = wrapper.application; includeInIndex = 0; path = iOSBlueParrotBluetooth.app; sourceTree = BUILT_PRODUCTS_DIR; };
		AAD6D23625B74BFB00260735 /* AppDelegate.swift */ = {isa = PBXFileReference; lastKnownFileType = sourcecode.swift; path = AppDelegate.swift; sourceTree = "<group>"; };
		AAD6D23825B74BFB00260735 /* SceneDelegate.swift */ = {isa = PBXFileReference; lastKnownFileType = sourcecode.swift; path = SceneDelegate.swift; sourceTree = "<group>"; };
		AAD6D23A25B74BFB00260735 /* ViewController.swift */ = {isa = PBXFileReference; lastKnownFileType = sourcecode.swift; path = ViewController.swift; sourceTree = "<group>"; };
		AAD6D23D25B74BFB00260735 /* Base */ = {isa = PBXFileReference; lastKnownFileType = file.storyboard; name = Base; path = Base.lproj/Main.storyboard; sourceTree = "<group>"; };
		AAD6D23F25B74BFD00260735 /* Assets.xcassets */ = {isa = PBXFileReference; lastKnownFileType = folder.assetcatalog; path = Assets.xcassets; sourceTree = "<group>"; };
		AAD6D24225B74BFD00260735 /* Base */ = {isa = PBXFileReference; lastKnownFileType = file.storyboard; name = Base; path = Base.lproj/LaunchScreen.storyboard; sourceTree = "<group>"; };
		AAD6D24425B74BFD00260735 /* Info.plist */ = {isa = PBXFileReference; lastKnownFileType = text.plist.xml; path = Info.plist; sourceTree = "<group>"; };
/* End PBXFileReference section */

/* Begin PBXFrameworksBuildPhase section */
		AAD6D23025B74BFB00260735 /* Frameworks */ = {
			isa = PBXFrameworksBuildPhase;
			buildActionMask = 2147483647;
			files = (
			);
			runOnlyForDeploymentPostprocessing = 0;
		};
/* End PBXFrameworksBuildPhase section */

/* Begin PBXGroup section */
		AAD6D22A25B74BFB00260735 = {
			isa = PBXGroup;
			children = (
				AAD6D23525B74BFB00260735 /* iOSBlueParrotBluetooth */,
				AAD6D23425B74BFB00260735 /* Products */,
			);
			sourceTree = "<group>";
		};
		AAD6D23425B74BFB00260735 /* Products */ = {
			isa = PBXGroup;
			children = (
				AAD6D23325B74BFB00260735 /* iOSBlueParrotBluetooth.app */,
			);
			name = Products;
			sourceTree = "<group>";
		};
		AAD6D23525B74BFB00260735 /* iOSBlueParrotBluetooth */ = {
			isa = PBXGroup;
			children = (
				AAD6D23625B74BFB00260735 /* AppDelegate.swift */,
				AAD6D23825B74BFB00260735 /* SceneDelegate.swift */,
				AAD6D23A25B74BFB00260735 /* ViewController.swift */,
				AAD6D23C25B74BFB00260735 /* Main.storyboard */,
				AAD6D23F25B74BFD00260735 /* Assets.xcassets */,
				AAD6D24125B74BFD00260735 /* LaunchScreen.storyboard */,
				AAD6D24425B74BFD00260735 /* Info.plist */,
			);
			path = iOSBlueParrotBluetooth;
			sourceTree = "<group>";
		};
/* End PBXGroup section */

/* Begin PBXNativeTarget section */
		AAD6D23225B74BFB00260735 /* iOSBlueParrotBluetooth */ = {
			isa = PBXNativeTarget;
			buildConfigurationList = AAD6D24725B74BFD00260735 /* Build configuration list for PBXNativeTarget "iOSBlueParrotBluetooth" */;
			buildPhases = (
				AAD6D22F25B74BFB00260735 /* Sources */,
				AAD6D23025B74BFB00260735 /* Frameworks */,
				AAD6D23125B74BFB00260735 /* Resources */,
			);
			buildRules = (
			);
			dependencies = (
			);
			name = iOSBlueParrotBluetooth;
			productName = iOSBlueParrotBluetooth;
			productReference = AAD6D23325B74BFB00260735 /* iOSBlueParrotBluetooth.app */;
			productType = "com.apple.product-type.application";
		};
/* End PBXNativeTarget section */

/* Begin PBXProject section */
		AAD6D22B25B74BFB00260735 /* Project object */ = {
			isa = PBXProject;
			attributes = {
				LastSwiftUpdateCheck = 1230;
				LastUpgradeCheck = 1230;
				TargetAttributes = {
					AAD6D23225B74BFB00260735 = {
						CreatedOnToolsVersion = 12.3;
					};
				};
			};
			buildConfigurationList = AAD6D22E25B74BFB00260735 /* Build configuration list for PBXProject "iOSBlueParrotBluetooth" */;
			compatibilityVersion = "Xcode 9.3";
			developmentRegion = en;
			hasScannedForEncodings = 0;
			knownRegions = (
				en,
				Base,
			);
			mainGroup = AAD6D22A25B74BFB00260735;
			productRefGroup = AAD6D23425B74BFB00260735 /* Products */;
			projectDirPath = "";
			projectRoot = "";
			targets = (
				AAD6D23225B74BFB00260735 /* iOSBlueParrotBluetooth */,
			);
		};
/* End PBXProject section */

/* Begin PBXResourcesBuildPhase section */
		AAD6D23125B74BFB00260735 /* Resources */ = {
			isa = PBXResourcesBuildPhase;
			buildActionMask = 2147483647;
			files = (
				AAD6D24325B74BFD00260735 /* LaunchScreen.storyboard in Resources */,
				AAD6D24025B74BFD00260735 /* Assets.xcassets in Resources */,
				AAD6D23E25B74BFB00260735 /* Main.storyboard in Resources */,
			);
			runOnlyForDeploymentPostprocessing = 0;
		};
/* End PBXResourcesBuildPhase section */

/* Begin PBXSourcesBuildPhase section */
		AAD6D22F25B74BFB00260735 /* Sources */ = {
			isa = PBXSourcesBuildPhase;
			buildActionMask = 2147483647;
			files = (
				AAD6D23B25B74BFB00260735 /* ViewController.swift in Sources */,
				AAD6D23725B74BFB00260735 /* AppDelegate.swift in Sources */,
				AAD6D23925B74BFB00260735 /* SceneDelegate.swift in Sources */,
			);
			runOnlyForDeploymentPostprocessing = 0;
		};
/* End PBXSourcesBuildPhase section */

/* Begin PBXVariantGroup section */
		AAD6D23C25B74BFB00260735 /* Main.storyboard */ = {
			isa = PBXVariantGroup;
			children = (
				AAD6D23D25B74BFB00260735 /* Base */,
			);
			name = Main.storyboard;
			sourceTree = "<group>";
		};
		AAD6D24125B74BFD00260735 /* LaunchScreen.storyboard */ = {
			isa = PBXVariantGroup;
			children = (
				AAD6D24225B74BFD00260735 /* Base */,
			);
			name = LaunchScreen.storyboard;
			sourceTree = "<group>";
		};
/* End PBXVariantGroup section */

/* Begin XCBuildConfiguration section */
		AAD6D24525B74BFD00260735 /* Debug */ = {
			isa = XCBuildConfiguration;
			buildSettings = {
				ALWAYS_SEARCH_USER_PATHS = NO;
				CLANG_ANALYZER_NONNULL = YES;
				CLANG_ANALYZER_NUMBER_OBJECT_CONVERSION = YES_AGGRESSIVE;
				CLANG_CXX_LANGUAGE_STANDARD = "gnu++14";
				CLANG_CXX_LIBRARY = "libc++";
				CLANG_ENABLE_MODULES = YES;
				CLANG_ENABLE_OBJC_ARC = YES;
				CLANG_ENABLE_OBJC_WEAK = YES;
				CLANG_WARN_BLOCK_CAPTURE_AUTORELEASING = YES;
				CLANG_WARN_BOOL_CONVERSION = YES;
				CLANG_WARN_COMMA = YES;
				CLANG_WARN_CONSTANT_CONVERSION = YES;
				CLANG_WARN_DEPRECATED_OBJC_IMPLEMENTATIONS = YES;
				CLANG_WARN_DIRECT_OBJC_ISA_USAGE = YES_ERROR;
				CLANG_WARN_DOCUMENTATION_COMMENTS = YES;
				CLANG_WARN_EMPTY_BODY = YES;
				CLANG_WARN_ENUM_CONVERSION = YES;
				CLANG_WARN_INFINITE_RECURSION = YES;
				CLANG_WARN_INT_CONVERSION = YES;
				CLANG_WARN_NON_LITERAL_NULL_CONVERSION = YES;
				CLANG_WARN_OBJC_IMPLICIT_RETAIN_SELF = YES;
				CLANG_WARN_OBJC_LITERAL_CONVERSION = YES;
				CLANG_WARN_OBJC_ROOT_CLASS = YES_ERROR;
				CLANG_WARN_QUOTED_INCLUDE_IN_FRAMEWORK_HEADER = YES;
				CLANG_WARN_RANGE_LOOP_ANALYSIS = YES;
				CLANG_WARN_STRICT_PROTOTYPES = YES;
				CLANG_WARN_SUSPICIOUS_MOVE = YES;
				CLANG_WARN_UNGUARDED_AVAILABILITY = YES_AGGRESSIVE;
				CLANG_WARN_UNREACHABLE_CODE = YES;
				CLANG_WARN__DUPLICATE_METHOD_MATCH = YES;
				COPY_PHASE_STRIP = NO;
				DEBUG_INFORMATION_FORMAT = dwarf;
				ENABLE_STRICT_OBJC_MSGSEND = YES;
				ENABLE_TESTABILITY = YES;
				GCC_C_LANGUAGE_STANDARD = gnu11;
				GCC_DYNAMIC_NO_PIC = NO;
				GCC_NO_COMMON_BLOCKS = YES;
				GCC_OPTIMIZATION_LEVEL = 0;
				GCC_PREPROCESSOR_DEFINITIONS = (
					"DEBUG=1",
					"$(inherited)",
				);
				GCC_WARN_64_TO_32_BIT_CONVERSION = YES;
				GCC_WARN_ABOUT_RETURN_TYPE = YES_ERROR;
				GCC_WARN_UNDECLARED_SELECTOR = YES;
				GCC_WARN_UNINITIALIZED_AUTOS = YES_AGGRESSIVE;
				GCC_WARN_UNUSED_FUNCTION = YES;
				GCC_WARN_UNUSED_VARIABLE = YES;
				IPHONEOS_DEPLOYMENT_TARGET = 14.3;
				MTL_ENABLE_DEBUG_INFO = INCLUDE_SOURCE;
				MTL_FAST_MATH = YES;
				ONLY_ACTIVE_ARCH = YES;
				SDKROOT = iphoneos;
				SWIFT_ACTIVE_COMPILATION_CONDITIONS = DEBUG;
				SWIFT_OPTIMIZATION_LEVEL = "-Onone";
			};
			name = Debug;
		};
		AAD6D24625B74BFD00260735 /* Release */ = {
			isa = XCBuildConfiguration;
			buildSettings = {
				ALWAYS_SEARCH_USER_PATHS = NO;
				CLANG_ANALYZER_NONNULL = YES;
				CLANG_ANALYZER_NUMBER_OBJECT_CONVERSION = YES_AGGRESSIVE;
				CLANG_CXX_LANGUAGE_STANDARD = "gnu++14";
				CLANG_CXX_LIBRARY = "libc++";
				CLANG_ENABLE_MODULES = YES;
				CLANG_ENABLE_OBJC_ARC = YES;
				CLANG_ENABLE_OBJC_WEAK = YES;
				CLANG_WARN_BLOCK_CAPTURE_AUTORELEASING = YES;
				CLANG_WARN_BOOL_CONVERSION = YES;
				CLANG_WARN_COMMA = YES;
				CLANG_WARN_CONSTANT_CONVERSION = YES;
				CLANG_WARN_DEPRECATED_OBJC_IMPLEMENTATIONS = YES;
				CLANG_WARN_DIRECT_OBJC_ISA_USAGE = YES_ERROR;
				CLANG_WARN_DOCUMENTATION_COMMENTS = YES;
				CLANG_WARN_EMPTY_BODY = YES;
				CLANG_WARN_ENUM_CONVERSION = YES;
				CLANG_WARN_INFINITE_RECURSION = YES;
				CLANG_WARN_INT_CONVERSION = YES;
				CLANG_WARN_NON_LITERAL_NULL_CONVERSION = YES;
				CLANG_WARN_OBJC_IMPLICIT_RETAIN_SELF = YES;
				CLANG_WARN_OBJC_LITERAL_CONVERSION = YES;
				CLANG_WARN_OBJC_ROOT_CLASS = YES_ERROR;
				CLANG_WARN_QUOTED_INCLUDE_IN_FRAMEWORK_HEADER = YES;
				CLANG_WARN_RANGE_LOOP_ANALYSIS = YES;
				CLANG_WARN_STRICT_PROTOTYPES = YES;
				CLANG_WARN_SUSPICIOUS_MOVE = YES;
				CLANG_WARN_UNGUARDED_AVAILABILITY = YES_AGGRESSIVE;
				CLANG_WARN_UNREACHABLE_CODE = YES;
				CLANG_WARN__DUPLICATE_METHOD_MATCH = YES;
				COPY_PHASE_STRIP = NO;
				DEBUG_INFORMATION_FORMAT = "dwarf-with-dsym";
				ENABLE_NS_ASSERTIONS = NO;
				ENABLE_STRICT_OBJC_MSGSEND = YES;
				GCC_C_LANGUAGE_STANDARD = gnu11;
				GCC_NO_COMMON_BLOCKS = YES;
				GCC_WARN_64_TO_32_BIT_CONVERSION = YES;
				GCC_WARN_ABOUT_RETURN_TYPE = YES_ERROR;
				GCC_WARN_UNDECLARED_SELECTOR = YES;
				GCC_WARN_UNINITIALIZED_AUTOS = YES_AGGRESSIVE;
				GCC_WARN_UNUSED_FUNCTION = YES;
				GCC_WARN_UNUSED_VARIABLE = YES;
				IPHONEOS_DEPLOYMENT_TARGET = 14.3;
				MTL_ENABLE_DEBUG_INFO = NO;
				MTL_FAST_MATH = YES;
				SDKROOT = iphoneos;
				SWIFT_COMPILATION_MODE = wholemodule;
				SWIFT_OPTIMIZATION_LEVEL = "-O";
				VALIDATE_PRODUCT = YES;
			};
			name = Release;
		};
		AAD6D24825B74BFD00260735 /* Debug */ = {
			isa = XCBuildConfiguration;
			buildSettings = {
				ASSETCATALOG_COMPILER_APPICON_NAME = AppIcon;
				ASSETCATALOG_COMPILER_GLOBAL_ACCENT_COLOR_NAME = AccentColor;
				CODE_SIGN_STYLE = Automatic;
				DEVELOPMENT_TEAM = 57A64Z88NT;
				INFOPLIST_FILE = iOSBlueParrotBluetooth/Info.plist;
				LD_RUNPATH_SEARCH_PATHS = (
					"$(inherited)",
					"@executable_path/Frameworks",
				);
				PRODUCT_BUNDLE_IDENTIFIER = com.ecejmsr.iOSBlueParrotBluetooth;
				PRODUCT_NAME = "$(TARGET_NAME)";
				SWIFT_VERSION = 5.0;
				TARGETED_DEVICE_FAMILY = "1,2";
			};
			name = Debug;
		};
		AAD6D24925B74BFD00260735 /* Release */ = {
			isa = XCBuildConfiguration;
			buildSettings = {
				ASSETCATALOG_COMPILER_APPICON_NAME = AppIcon;
				ASSETCATALOG_COMPILER_GLOBAL_ACCENT_COLOR_NAME = AccentColor;
				CODE_SIGN_STYLE = Automatic;
				DEVELOPMENT_TEAM = 57A64Z88NT;
				INFOPLIST_FILE = iOSBlueParrotBluetooth/Info.plist;
				LD_RUNPATH_SEARCH_PATHS = (
					"$(inherited)",
					"@executable_path/Frameworks",
				);
				PRODUCT_BUNDLE_IDENTIFIER = com.ecejmsr.iOSBlueParrotBluetooth;
				PRODUCT_NAME = "$(TARGET_NAME)";
				SWIFT_VERSION = 5.0;
				TARGETED_DEVICE_FAMILY = "1,2";
			};
			name = Release;
		};
/* End XCBuildConfiguration section */

/* Begin XCConfigurationList section */
		AAD6D22E25B74BFB00260735 /* Build configuration list for PBXProject "iOSBlueParrotBluetooth" */ = {
			isa = XCConfigurationList;
			buildConfigurations = (
				AAD6D24525B74BFD00260735 /* Debug */,
				AAD6D24625B74BFD00260735 /* Release */,
			);
			defaultConfigurationIsVisible = 0;
			defaultConfigurationName = Release;
		};
		AAD6D24725B74BFD00260735 /* Build configuration list for PBXNativeTarget "iOSBlueParrotBluetooth" */ = {
			isa = XCConfigurationList;
			buildConfigurations = (
				AAD6D24825B74BFD00260735 /* Debug */,
				AAD6D24925B74BFD00260735 /* Release */,
			);
			defaultConfigurationIsVisible = 0;
			defaultConfigurationName = Release;
		};
/* End XCConfigurationList section */
	};
	rootObject = AAD6D22B25B74BFB00260735 /* Project object */;
}
